// !$*UTF8*$!
{
	archiveVersion = 1;
	classes = {
	};
	objectVersion = 50;
	objects = {

/* Begin PBXBuildFile section */
		26816A83258980EE00103FBD /* AppDelegate.swift in Sources */ = {isa = PBXBuildFile; fileRef = 26816A82258980EE00103FBD /* AppDelegate.swift */; };
		26816A85258980EE00103FBD /* SceneDelegate.swift in Sources */ = {isa = PBXBuildFile; fileRef = 26816A84258980EE00103FBD /* SceneDelegate.swift */; };
		26816A87258980EE00103FBD /* TextoDinamicoViewController.swift in Sources */ = {isa = PBXBuildFile; fileRef = 26816A86258980EE00103FBD /* TextoDinamicoViewController.swift */; };
		26816A8A258980EE00103FBD /* Main.storyboard in Resources */ = {isa = PBXBuildFile; fileRef = 26816A88258980EE00103FBD /* Main.storyboard */; };
		26816A8C258980F000103FBD /* Assets.xcassets in Resources */ = {isa = PBXBuildFile; fileRef = 26816A8B258980F000103FBD /* Assets.xcassets */; };
		26816A8F258980F000103FBD /* LaunchScreen.storyboard in Resources */ = {isa = PBXBuildFile; fileRef = 26816A8D258980F000103FBD /* LaunchScreen.storyboard */; };
		26816A992589813700103FBD /* ElementosViewController.swift in Sources */ = {isa = PBXBuildFile; fileRef = 26816A982589813700103FBD /* ElementosViewController.swift */; };
/* End PBXBuildFile section */

/* Begin PBXFileReference section */
		26816A7F258980EE00103FBD /* Intro Accessibilidad.app */ = {isa = PBXFileReference; explicitFileType = wrapper.application; includeInIndex = 0; path = "Intro Accessibilidad.app"; sourceTree = BUILT_PRODUCTS_DIR; };
		26816A82258980EE00103FBD /* AppDelegate.swift */ = {isa = PBXFileReference; lastKnownFileType = sourcecode.swift; path = AppDelegate.swift; sourceTree = "<group>"; };
		26816A84258980EE00103FBD /* SceneDelegate.swift */ = {isa = PBXFileReference; lastKnownFileType = sourcecode.swift; path = SceneDelegate.swift; sourceTree = "<group>"; };
		26816A86258980EE00103FBD /* TextoDinamicoViewController.swift */ = {isa = PBXFileReference; lastKnownFileType = sourcecode.swift; path = TextoDinamicoViewController.swift; sourceTree = "<group>"; };
		26816A89258980EE00103FBD /* Base */ = {isa = PBXFileReference; lastKnownFileType = file.storyboard; name = Base; path = Base.lproj/Main.storyboard; sourceTree = "<group>"; };
		26816A8B258980F000103FBD /* Assets.xcassets */ = {isa = PBXFileReference; lastKnownFileType = folder.assetcatalog; path = Assets.xcassets; sourceTree = "<group>"; };
		26816A8E258980F000103FBD /* Base */ = {isa = PBXFileReference; lastKnownFileType = file.storyboard; name = Base; path = Base.lproj/LaunchScreen.storyboard; sourceTree = "<group>"; };
		26816A90258980F000103FBD /* Info.plist */ = {isa = PBXFileReference; lastKnownFileType = text.plist.xml; path = Info.plist; sourceTree = "<group>"; };
		26816A982589813700103FBD /* ElementosViewController.swift */ = {isa = PBXFileReference; lastKnownFileType = sourcecode.swift; path = ElementosViewController.swift; sourceTree = "<group>"; };
/* End PBXFileReference section */

/* Begin PBXFrameworksBuildPhase section */
		26816A7C258980EE00103FBD /* Frameworks */ = {
			isa = PBXFrameworksBuildPhase;
			buildActionMask = 2147483647;
			files = (
			);
			runOnlyForDeploymentPostprocessing = 0;
		};
/* End PBXFrameworksBuildPhase section */

/* Begin PBXGroup section */
		26816A76258980EE00103FBD = {
			isa = PBXGroup;
			children = (
				26816A81258980EE00103FBD /* Intro Accessibilidad */,
				26816A80258980EE00103FBD /* Products */,
			);
			sourceTree = "<group>";
		};
		26816A80258980EE00103FBD /* Products */ = {
			isa = PBXGroup;
			children = (
				26816A7F258980EE00103FBD /* Intro Accessibilidad.app */,
			);
			name = Products;
			sourceTree = "<group>";
		};
		26816A81258980EE00103FBD /* Intro Accessibilidad */ = {
			isa = PBXGroup;
			children = (
				26816A82258980EE00103FBD /* AppDelegate.swift */,
				26816A84258980EE00103FBD /* SceneDelegate.swift */,
				26816A86258980EE00103FBD /* TextoDinamicoViewController.swift */,
				26816A88258980EE00103FBD /* Main.storyboard */,
				26816A8B258980F000103FBD /* Assets.xcassets */,
				26816A8D258980F000103FBD /* LaunchScreen.storyboard */,
				26816A90258980F000103FBD /* Info.plist */,
				26816A982589813700103FBD /* ElementosViewController.swift */,
			);
			path = "Intro Accessibilidad";
			sourceTree = "<group>";
		};
/* End PBXGroup section */

/* Begin PBXNativeTarget section */
		26816A7E258980EE00103FBD /* Intro Accessibilidad */ = {
			isa = PBXNativeTarget;
			buildConfigurationList = 26816A93258980F000103FBD /* Build configuration list for PBXNativeTarget "Intro Accessibilidad" */;
			buildPhases = (
				26816A7B258980EE00103FBD /* Sources */,
				26816A7C258980EE00103FBD /* Frameworks */,
				26816A7D258980EE00103FBD /* Resources */,
			);
			buildRules = (
			);
			dependencies = (
			);
			name = "Intro Accessibilidad";
			productName = "Intro Accessibilidad";
			productReference = 26816A7F258980EE00103FBD /* Intro Accessibilidad.app */;
			productType = "com.apple.product-type.application";
		};
/* End PBXNativeTarget section */

/* Begin PBXProject section */
		26816A77258980EE00103FBD /* Project object */ = {
			isa = PBXProject;
			attributes = {
				LastSwiftUpdateCheck = 1220;
				LastUpgradeCheck = 1220;
				TargetAttributes = {
					26816A7E258980EE00103FBD = {
						CreatedOnToolsVersion = 12.2;
					};
				};
			};
			buildConfigurationList = 26816A7A258980EE00103FBD /* Build configuration list for PBXProject "Intro Accessibilidad" */;
			compatibilityVersion = "Xcode 9.3";
			developmentRegion = en;
			hasScannedForEncodings = 0;
			knownRegions = (
				en,
				Base,
			);
			mainGroup = 26816A76258980EE00103FBD;
			productRefGroup = 26816A80258980EE00103FBD /* Products */;
			projectDirPath = "";
			projectRoot = "";
			targets = (
				26816A7E258980EE00103FBD /* Intro Accessibilidad */,
			);
		};
/* End PBXProject section */

/* Begin PBXResourcesBuildPhase section */
		26816A7D258980EE00103FBD /* Resources */ = {
			isa = PBXResourcesBuildPhase;
			buildActionMask = 2147483647;
			files = (
				26816A8F258980F000103FBD /* LaunchScreen.storyboard in Resources */,
				26816A8C258980F000103FBD /* Assets.xcassets in Resources */,
				26816A8A258980EE00103FBD /* Main.storyboard in Resources */,
			);
			runOnlyForDeploymentPostprocessing = 0;
		};
/* End PBXResourcesBuildPhase section */

/* Begin PBXSourcesBuildPhase section */
		26816A7B258980EE00103FBD /* Sources */ = {
			isa = PBXSourcesBuildPhase;
			buildActionMask = 2147483647;
			files = (
				26816A87258980EE00103FBD /* TextoDinamicoViewController.swift in Sources */,
				26816A83258980EE00103FBD /* AppDelegate.swift in Sources */,
				26816A85258980EE00103FBD /* SceneDelegate.swift in Sources */,
				26816A992589813700103FBD /* ElementosViewController.swift in Sources */,
			);
			runOnlyForDeploymentPostprocessing = 0;
		};
/* End PBXSourcesBuildPhase section */

/* Begin PBXVariantGroup section */
		26816A88258980EE00103FBD /* Main.storyboard */ = {
			isa = PBXVariantGroup;
			children = (
				26816A89258980EE00103FBD /* Base */,
			);
			name = Main.storyboard;
			sourceTree = "<group>";
		};
		26816A8D258980F000103FBD /* LaunchScreen.storyboard */ = {
			isa = PBXVariantGroup;
			children = (
				26816A8E258980F000103FBD /* Base */,
			);
			name = LaunchScreen.storyboard;
			sourceTree = "<group>";
		};
/* End PBXVariantGroup section */

/* Begin XCBuildConfiguration section */
		26816A91258980F000103FBD /* Debug */ = {
			isa = XCBuildConfiguration;
			buildSettings = {
				ALWAYS_SEARCH_USER_PATHS = NO;
				CLANG_ANALYZER_NONNULL = YES;
				CLANG_ANALYZER_NUMBER_OBJECT_CONVERSION = YES_AGGRESSIVE;
				CLANG_CXX_LANGUAGE_STANDARD = "gnu++14";
				CLANG_CXX_LIBRARY = "libc++";
				CLANG_ENABLE_MODULES = YES;
				CLANG_ENABLE_OBJC_ARC = YES;
				CLANG_ENABLE_OBJC_WEAK = YES;
				CLANG_WARN_BLOCK_CAPTURE_AUTORELEASING = YES;
				CLANG_WARN_BOOL_CONVERSION = YES;
				CLANG_WARN_COMMA = YES;
				CLANG_WARN_CONSTANT_CONVERSION = YES;
				CLANG_WARN_DEPRECATED_OBJC_IMPLEMENTATIONS = YES;
				CLANG_WARN_DIRECT_OBJC_ISA_USAGE = YES_ERROR;
				CLANG_WARN_DOCUMENTATION_COMMENTS = YES;
				CLANG_WARN_EMPTY_BODY = YES;
				CLANG_WARN_ENUM_CONVERSION = YES;
				CLANG_WARN_INFINITE_RECURSION = YES;
				CLANG_WARN_INT_CONVERSION = YES;
				CLANG_WARN_NON_LITERAL_NULL_CONVERSION = YES;
				CLANG_WARN_OBJC_IMPLICIT_RETAIN_SELF = YES;
				CLANG_WARN_OBJC_LITERAL_CONVERSION = YES;
				CLANG_WARN_OBJC_ROOT_CLASS = YES_ERROR;
				CLANG_WARN_QUOTED_INCLUDE_IN_FRAMEWORK_HEADER = YES;
				CLANG_WARN_RANGE_LOOP_ANALYSIS = YES;
				CLANG_WARN_STRICT_PROTOTYPES = YES;
				CLANG_WARN_SUSPICIOUS_MOVE = YES;
				CLANG_WARN_UNGUARDED_AVAILABILITY = YES_AGGRESSIVE;
				CLANG_WARN_UNREACHABLE_CODE = YES;
				CLANG_WARN__DUPLICATE_METHOD_MATCH = YES;
				COPY_PHASE_STRIP = NO;
				DEBUG_INFORMATION_FORMAT = dwarf;
				ENABLE_STRICT_OBJC_MSGSEND = YES;
				ENABLE_TESTABILITY = YES;
				GCC_C_LANGUAGE_STANDARD = gnu11;
				GCC_DYNAMIC_NO_PIC = NO;
				GCC_NO_COMMON_BLOCKS = YES;
				GCC_OPTIMIZATION_LEVEL = 0;
				GCC_PREPROCESSOR_DEFINITIONS = (
					"DEBUG=1",
					"$(inherited)",
				);
				GCC_WARN_64_TO_32_BIT_CONVERSION = YES;
				GCC_WARN_ABOUT_RETURN_TYPE = YES_ERROR;
				GCC_WARN_UNDECLARED_SELECTOR = YES;
				GCC_WARN_UNINITIALIZED_AUTOS = YES_AGGRESSIVE;
				GCC_WARN_UNUSED_FUNCTION = YES;
				GCC_WARN_UNUSED_VARIABLE = YES;
				IPHONEOS_DEPLOYMENT_TARGET = 14.2;
				MTL_ENABLE_DEBUG_INFO = INCLUDE_SOURCE;
				MTL_FAST_MATH = YES;
				ONLY_ACTIVE_ARCH = YES;
				SDKROOT = iphoneos;
				SWIFT_ACTIVE_COMPILATION_CONDITIONS = DEBUG;
				SWIFT_OPTIMIZATION_LEVEL = "-Onone";
			};
			name = Debug;
		};
		26816A92258980F000103FBD /* Release */ = {
			isa = XCBuildConfiguration;
			buildSettings = {
				ALWAYS_SEARCH_USER_PATHS = NO;
				CLANG_ANALYZER_NONNULL = YES;
				CLANG_ANALYZER_NUMBER_OBJECT_CONVERSION = YES_AGGRESSIVE;
				CLANG_CXX_LANGUAGE_STANDARD = "gnu++14";
				CLANG_CXX_LIBRARY = "libc++";
				CLANG_ENABLE_MODULES = YES;
				CLANG_ENABLE_OBJC_ARC = YES;
				CLANG_ENABLE_OBJC_WEAK = YES;
				CLANG_WARN_BLOCK_CAPTURE_AUTORELEASING = YES;
				CLANG_WARN_BOOL_CONVERSION = YES;
				CLANG_WARN_COMMA = YES;
				CLANG_WARN_CONSTANT_CONVERSION = YES;
				CLANG_WARN_DEPRECATED_OBJC_IMPLEMENTATIONS = YES;
				CLANG_WARN_DIRECT_OBJC_ISA_USAGE = YES_ERROR;
				CLANG_WARN_DOCUMENTATION_COMMENTS = YES;
				CLANG_WARN_EMPTY_BODY = YES;
				CLANG_WARN_ENUM_CONVERSION = YES;
				CLANG_WARN_INFINITE_RECURSION = YES;
				CLANG_WARN_INT_CONVERSION = YES;
				CLANG_WARN_NON_LITERAL_NULL_CONVERSION = YES;
				CLANG_WARN_OBJC_IMPLICIT_RETAIN_SELF = YES;
				CLANG_WARN_OBJC_LITERAL_CONVERSION = YES;
				CLANG_WARN_OBJC_ROOT_CLASS = YES_ERROR;
				CLANG_WARN_QUOTED_INCLUDE_IN_FRAMEWORK_HEADER = YES;
				CLANG_WARN_RANGE_LOOP_ANALYSIS = YES;
				CLANG_WARN_STRICT_PROTOTYPES = YES;
				CLANG_WARN_SUSPICIOUS_MOVE = YES;
				CLANG_WARN_UNGUARDED_AVAILABILITY = YES_AGGRESSIVE;
				CLANG_WARN_UNREACHABLE_CODE = YES;
				CLANG_WARN__DUPLICATE_METHOD_MATCH = YES;
				COPY_PHASE_STRIP = NO;
				DEBUG_INFORMATION_FORMAT = "dwarf-with-dsym";
				ENABLE_NS_ASSERTIONS = NO;
				ENABLE_STRICT_OBJC_MSGSEND = YES;
				GCC_C_LANGUAGE_STANDARD = gnu11;
				GCC_NO_COMMON_BLOCKS = YES;
				GCC_WARN_64_TO_32_BIT_CONVERSION = YES;
				GCC_WARN_ABOUT_RETURN_TYPE = YES_ERROR;
				GCC_WARN_UNDECLARED_SELECTOR = YES;
				GCC_WARN_UNINITIALIZED_AUTOS = YES_AGGRESSIVE;
				GCC_WARN_UNUSED_FUNCTION = YES;
				GCC_WARN_UNUSED_VARIABLE = YES;
				IPHONEOS_DEPLOYMENT_TARGET = 14.2;
				MTL_ENABLE_DEBUG_INFO = NO;
				MTL_FAST_MATH = YES;
				SDKROOT = iphoneos;
				SWIFT_COMPILATION_MODE = wholemodule;
				SWIFT_OPTIMIZATION_LEVEL = "-O";
				VALIDATE_PRODUCT = YES;
			};
			name = Release;
		};
		26816A94258980F000103FBD /* Debug */ = {
			isa = XCBuildConfiguration;
			buildSettings = {
				ASSETCATALOG_COMPILER_APPICON_NAME = AppIcon;
				ASSETCATALOG_COMPILER_GLOBAL_ACCENT_COLOR_NAME = AccentColor;
				CODE_SIGN_STYLE = Automatic;
				INFOPLIST_FILE = "Intro Accessibilidad/Info.plist";
				IPHONEOS_DEPLOYMENT_TARGET = 14.0;
				LD_RUNPATH_SEARCH_PATHS = (
					"$(inherited)",
					"@executable_path/Frameworks",
				);
				PRODUCT_BUNDLE_IDENTIFIER = "com.avantica.development.Intro-Accessibilidad";
				PRODUCT_NAME = "$(TARGET_NAME)";
				SWIFT_VERSION = 5.0;
				TARGETED_DEVICE_FAMILY = "1,2";
			};
			name = Debug;
		};
		26816A95258980F000103FBD /* Release */ = {
			isa = XCBuildConfiguration;
			buildSettings = {
				ASSETCATALOG_COMPILER_APPICON_NAME = AppIcon;
				ASSETCATALOG_COMPILER_GLOBAL_ACCENT_COLOR_NAME = AccentColor;
				CODE_SIGN_STYLE = Automatic;
				INFOPLIST_FILE = "Intro Accessibilidad/Info.plist";
				IPHONEOS_DEPLOYMENT_TARGET = 14.0;
				LD_RUNPATH_SEARCH_PATHS = (
					"$(inherited)",
					"@executable_path/Frameworks",
				);
				PRODUCT_BUNDLE_IDENTIFIER = "com.avantica.development.Intro-Accessibilidad";
				PRODUCT_NAME = "$(TARGET_NAME)";
				SWIFT_VERSION = 5.0;
				TARGETED_DEVICE_FAMILY = "1,2";
			};
			name = Release;
		};
/* End XCBuildConfiguration section */

/* Begin XCConfigurationList section */
		26816A7A258980EE00103FBD /* Build configuration list for PBXProject "Intro Accessibilidad" */ = {
			isa = XCConfigurationList;
			buildConfigurations = (
				26816A91258980F000103FBD /* Debug */,
				26816A92258980F000103FBD /* Release */,
			);
			defaultConfigurationIsVisible = 0;
			defaultConfigurationName = Release;
		};
		26816A93258980F000103FBD /* Build configuration list for PBXNativeTarget "Intro Accessibilidad" */ = {
			isa = XCConfigurationList;
			buildConfigurations = (
				26816A94258980F000103FBD /* Debug */,
				26816A95258980F000103FBD /* Release */,
			);
			defaultConfigurationIsVisible = 0;
			defaultConfigurationName = Release;
		};
/* End XCConfigurationList section */
	};
	rootObject = 26816A77258980EE00103FBD /* Project object */;
}
